// !$*UTF8*$!
{
	archiveVersion = 1;
	classes = {
	};
	objectVersion = 46;
	objects = {

/* Begin PBXBuildFile section */
		166581746576B2429170E51B /* libPods-semproject.a in Frameworks */ = {isa = PBXBuildFile; fileRef = 4F8255D68C68E3BD3D9161AD /* libPods-semproject.a */; };
		A264AE9A1E805268005C549B /* AppDelegate.swift in Sources */ = {isa = PBXBuildFile; fileRef = A264AE991E805268005C549B /* AppDelegate.swift */; };
		A264AE9C1E805268005C549B /* ViewController.swift in Sources */ = {isa = PBXBuildFile; fileRef = A264AE9B1E805268005C549B /* ViewController.swift */; };
		A264AE9F1E805268005C549B /* Main.storyboard in Resources */ = {isa = PBXBuildFile; fileRef = A264AE9D1E805268005C549B /* Main.storyboard */; };
		A264AEA11E805268005C549B /* Assets.xcassets in Resources */ = {isa = PBXBuildFile; fileRef = A264AEA01E805268005C549B /* Assets.xcassets */; };
		A264AEA41E805268005C549B /* LaunchScreen.storyboard in Resources */ = {isa = PBXBuildFile; fileRef = A264AEA21E805268005C549B /* LaunchScreen.storyboard */; };
		A264AEAC1E8052CC005C549B /* GoogleService-Info.plist in Resources */ = {isa = PBXBuildFile; fileRef = A264AEAB1E8052CC005C549B /* GoogleService-Info.plist */; };
		A293C8B91E80A479002FC2FB /* TableViewController.swift in Sources */ = {isa = PBXBuildFile; fileRef = A293C8B81E80A479002FC2FB /* TableViewController.swift */; };
		A293C8BB1E80B32D002FC2FB /* cell.swift in Sources */ = {isa = PBXBuildFile; fileRef = A293C8BA1E80B32D002FC2FB /* cell.swift */; };
		A293C8BD1E80BBD5002FC2FB /* AddViewController.swift in Sources */ = {isa = PBXBuildFile; fileRef = A293C8BC1E80BBD5002FC2FB /* AddViewController.swift */; };
		A29617DA1E887C1C00762B2C /* SymbolViewController.swift in Sources */ = {isa = PBXBuildFile; fileRef = A29617D91E887C1C00762B2C /* SymbolViewController.swift */; };
/* End PBXBuildFile section */

/* Begin PBXFileReference section */
		4F8255D68C68E3BD3D9161AD /* libPods-semproject.a */ = {isa = PBXFileReference; explicitFileType = archive.ar; includeInIndex = 0; path = "libPods-semproject.a"; sourceTree = BUILT_PRODUCTS_DIR; };
		537812E609797A4B1E57CF79 /* Pods-semproject.release.xcconfig */ = {isa = PBXFileReference; includeInIndex = 1; lastKnownFileType = text.xcconfig; name = "Pods-semproject.release.xcconfig"; path = "Pods/Target Support Files/Pods-semproject/Pods-semproject.release.xcconfig"; sourceTree = "<group>"; };
		75D175E12387CDB6983BEEF9 /* Pods-semproject.debug.xcconfig */ = {isa = PBXFileReference; includeInIndex = 1; lastKnownFileType = text.xcconfig; name = "Pods-semproject.debug.xcconfig"; path = "Pods/Target Support Files/Pods-semproject/Pods-semproject.debug.xcconfig"; sourceTree = "<group>"; };
		A264AE961E805268005C549B /* semproject.app */ = {isa = PBXFileReference; explicitFileType = wrapper.application; includeInIndex = 0; path = semproject.app; sourceTree = BUILT_PRODUCTS_DIR; };
		A264AE991E805268005C549B /* AppDelegate.swift */ = {isa = PBXFileReference; lastKnownFileType = sourcecode.swift; path = AppDelegate.swift; sourceTree = "<group>"; };
		A264AE9B1E805268005C549B /* ViewController.swift */ = {isa = PBXFileReference; lastKnownFileType = sourcecode.swift; path = ViewController.swift; sourceTree = "<group>"; };
		A264AE9E1E805268005C549B /* Base */ = {isa = PBXFileReference; lastKnownFileType = file.storyboard; name = Base; path = Base.lproj/Main.storyboard; sourceTree = "<group>"; };
		A264AEA01E805268005C549B /* Assets.xcassets */ = {isa = PBXFileReference; lastKnownFileType = folder.assetcatalog; path = Assets.xcassets; sourceTree = "<group>"; };
		A264AEA31E805268005C549B /* Base */ = {isa = PBXFileReference; lastKnownFileType = file.storyboard; name = Base; path = Base.lproj/LaunchScreen.storyboard; sourceTree = "<group>"; };
		A264AEA51E805268005C549B /* Info.plist */ = {isa = PBXFileReference; lastKnownFileType = text.plist.xml; path = Info.plist; sourceTree = "<group>"; };
		A264AEAB1E8052CC005C549B /* GoogleService-Info.plist */ = {isa = PBXFileReference; fileEncoding = 4; lastKnownFileType = text.plist.xml; path = "GoogleService-Info.plist"; sourceTree = "<group>"; };
		A293C8B71E805688002FC2FB /* semproject.entitlements */ = {isa = PBXFileReference; lastKnownFileType = text.plist.entitlements; path = semproject.entitlements; sourceTree = "<group>"; };
		A293C8B81E80A479002FC2FB /* TableViewController.swift */ = {isa = PBXFileReference; fileEncoding = 4; lastKnownFileType = sourcecode.swift; path = TableViewController.swift; sourceTree = "<group>"; };
		A293C8BA1E80B32D002FC2FB /* cell.swift */ = {isa = PBXFileReference; fileEncoding = 4; lastKnownFileType = sourcecode.swift; path = cell.swift; sourceTree = "<group>"; };
		A293C8BC1E80BBD5002FC2FB /* AddViewController.swift */ = {isa = PBXFileReference; fileEncoding = 4; lastKnownFileType = sourcecode.swift; name = AddViewController.swift; path = ../AddViewController.swift; sourceTree = "<group>"; };
		A29617D91E887C1C00762B2C /* SymbolViewController.swift */ = {isa = PBXFileReference; fileEncoding = 4; lastKnownFileType = sourcecode.swift; path = SymbolViewController.swift; sourceTree = "<group>"; };
/* End PBXFileReference section */

/* Begin PBXFrameworksBuildPhase section */
		A264AE931E805268005C549B /* Frameworks */ = {
			isa = PBXFrameworksBuildPhase;
			buildActionMask = 2147483647;
			files = (
				166581746576B2429170E51B /* libPods-semproject.a in Frameworks */,
			);
			runOnlyForDeploymentPostprocessing = 0;
		};
/* End PBXFrameworksBuildPhase section */

/* Begin PBXGroup section */
		5C9526977AAD37169AD7AABB /* Frameworks */ = {
			isa = PBXGroup;
			children = (
				4F8255D68C68E3BD3D9161AD /* libPods-semproject.a */,
			);
			name = Frameworks;
			sourceTree = "<group>";
		};
		A264AE8D1E805268005C549B = {
			isa = PBXGroup;
			children = (
				A264AE981E805268005C549B /* semproject */,
				A264AE971E805268005C549B /* Products */,
				B76E4579B56181E14CE237BD /* Pods */,
				5C9526977AAD37169AD7AABB /* Frameworks */,
			);
			sourceTree = "<group>";
		};
		A264AE971E805268005C549B /* Products */ = {
			isa = PBXGroup;
			children = (
				A264AE961E805268005C549B /* semproject.app */,
			);
			name = Products;
			sourceTree = "<group>";
		};
		A264AE981E805268005C549B /* semproject */ = {
			isa = PBXGroup;
			children = (
				A293C8B71E805688002FC2FB /* semproject.entitlements */,
				A293C8BC1E80BBD5002FC2FB /* AddViewController.swift */,
				A264AE991E805268005C549B /* AppDelegate.swift */,
				A264AE9B1E805268005C549B /* ViewController.swift */,
				A293C8B81E80A479002FC2FB /* TableViewController.swift */,
				A29617D91E887C1C00762B2C /* SymbolViewController.swift */,
				A264AE9D1E805268005C549B /* Main.storyboard */,
				A293C8BA1E80B32D002FC2FB /* cell.swift */,
				A264AEA01E805268005C549B /* Assets.xcassets */,
				A264AEA21E805268005C549B /* LaunchScreen.storyboard */,
				A264AEA51E805268005C549B /* Info.plist */,
				A264AEAB1E8052CC005C549B /* GoogleService-Info.plist */,
			);
			path = semproject;
			sourceTree = "<group>";
		};
		B76E4579B56181E14CE237BD /* Pods */ = {
			isa = PBXGroup;
			children = (
				75D175E12387CDB6983BEEF9 /* Pods-semproject.debug.xcconfig */,
				537812E609797A4B1E57CF79 /* Pods-semproject.release.xcconfig */,
			);
			name = Pods;
			sourceTree = "<group>";
		};
/* End PBXGroup section */

/* Begin PBXNativeTarget section */
		A264AE951E805268005C549B /* semproject */ = {
			isa = PBXNativeTarget;
			buildConfigurationList = A264AEA81E805268005C549B /* Build configuration list for PBXNativeTarget "semproject" */;
			buildPhases = (
				65DFD27B0A6EA80851650D5D /* [CP] Check Pods Manifest.lock */,
				A264AE921E805268005C549B /* Sources */,
				A264AE931E805268005C549B /* Frameworks */,
				A264AE941E805268005C549B /* Resources */,
				92BB10B7DF818908DDE89438 /* [CP] Embed Pods Frameworks */,
				F93C247E7ECDA17F58C68A09 /* [CP] Copy Pods Resources */,
			);
			buildRules = (
			);
			dependencies = (
			);
			name = semproject;
			productName = semproject;
			productReference = A264AE961E805268005C549B /* semproject.app */;
			productType = "com.apple.product-type.application";
		};
/* End PBXNativeTarget section */

/* Begin PBXProject section */
		A264AE8E1E805268005C549B /* Project object */ = {
			isa = PBXProject;
			attributes = {
				LastSwiftUpdateCheck = 0820;
				LastUpgradeCheck = 0820;
				ORGANIZATIONNAME = "Sem Sturkenboom";
				TargetAttributes = {
					A264AE951E805268005C549B = {
						CreatedOnToolsVersion = 8.2.1;
						DevelopmentTeam = H44Q9YW2Z5;
						ProvisioningStyle = Automatic;
						SystemCapabilities = {
							com.apple.Keychain = {
								enabled = 1;
							};
						};
					};
				};
			};
			buildConfigurationList = A264AE911E805268005C549B /* Build configuration list for PBXProject "semproject" */;
			compatibilityVersion = "Xcode 3.2";
			developmentRegion = English;
			hasScannedForEncodings = 0;
			knownRegions = (
				en,
				Base,
			);
			mainGroup = A264AE8D1E805268005C549B;
			productRefGroup = A264AE971E805268005C549B /* Products */;
			projectDirPath = "";
			projectRoot = "";
			targets = (
				A264AE951E805268005C549B /* semproject */,
			);
		};
/* End PBXProject section */

/* Begin PBXResourcesBuildPhase section */
		A264AE941E805268005C549B /* Resources */ = {
			isa = PBXResourcesBuildPhase;
			buildActionMask = 2147483647;
			files = (
				A264AEA41E805268005C549B /* LaunchScreen.storyboard in Resources */,
				A264AEAC1E8052CC005C549B /* GoogleService-Info.plist in Resources */,
				A264AEA11E805268005C549B /* Assets.xcassets in Resources */,
				A264AE9F1E805268005C549B /* Main.storyboard in Resources */,
			);
			runOnlyForDeploymentPostprocessing = 0;
		};
/* End PBXResourcesBuildPhase section */

/* Begin PBXShellScriptBuildPhase section */
		65DFD27B0A6EA80851650D5D /* [CP] Check Pods Manifest.lock */ = {
			isa = PBXShellScriptBuildPhase;
			buildActionMask = 2147483647;
			files = (
			);
			inputPaths = (
			);
			name = "[CP] Check Pods Manifest.lock";
			outputPaths = (
			);
			runOnlyForDeploymentPostprocessing = 0;
			shellPath = /bin/sh;
			shellScript = "diff \"${PODS_ROOT}/../Podfile.lock\" \"${PODS_ROOT}/Manifest.lock\" > /dev/null\nif [ $? != 0 ] ; then\n    # print error to STDERR\n    echo \"error: The sandbox is not in sync with the Podfile.lock. Run 'pod install' or update your CocoaPods installation.\" >&2\n    exit 1\nfi\n";
			showEnvVarsInLog = 0;
		};
		92BB10B7DF818908DDE89438 /* [CP] Embed Pods Frameworks */ = {
			isa = PBXShellScriptBuildPhase;
			buildActionMask = 2147483647;
			files = (
			);
			inputPaths = (
			);
			name = "[CP] Embed Pods Frameworks";
			outputPaths = (
			);
			runOnlyForDeploymentPostprocessing = 0;
			shellPath = /bin/sh;
			shellScript = "\"${SRCROOT}/Pods/Target Support Files/Pods-semproject/Pods-semproject-frameworks.sh\"\n";
			showEnvVarsInLog = 0;
		};
		F93C247E7ECDA17F58C68A09 /* [CP] Copy Pods Resources */ = {
			isa = PBXShellScriptBuildPhase;
			buildActionMask = 2147483647;
			files = (
			);
			inputPaths = (
			);
			name = "[CP] Copy Pods Resources";
			outputPaths = (
			);
			runOnlyForDeploymentPostprocessing = 0;
			shellPath = /bin/sh;
			shellScript = "\"${SRCROOT}/Pods/Target Support Files/Pods-semproject/Pods-semproject-resources.sh\"\n";
			showEnvVarsInLog = 0;
		};
/* End PBXShellScriptBuildPhase section */

/* Begin PBXSourcesBuildPhase section */
		A264AE921E805268005C549B /* Sources */ = {
			isa = PBXSourcesBuildPhase;
			buildActionMask = 2147483647;
			files = (
				A293C8BD1E80BBD5002FC2FB /* AddViewController.swift in Sources */,
				A264AE9C1E805268005C549B /* ViewController.swift in Sources */,
				A29617DA1E887C1C00762B2C /* SymbolViewController.swift in Sources */,
				A293C8BB1E80B32D002FC2FB /* cell.swift in Sources */,
				A293C8B91E80A479002FC2FB /* TableViewController.swift in Sources */,
				A264AE9A1E805268005C549B /* AppDelegate.swift in Sources */,
			);
			runOnlyForDeploymentPostprocessing = 0;
		};
/* End PBXSourcesBuildPhase section */

/* Begin PBXVariantGroup section */
		A264AE9D1E805268005C549B /* Main.storyboard */ = {
			isa = PBXVariantGroup;
			children = (
				A264AE9E1E805268005C549B /* Base */,
			);
			name = Main.storyboard;
			sourceTree = "<group>";
		};
		A264AEA21E805268005C549B /* LaunchScreen.storyboard */ = {
			isa = PBXVariantGroup;
			children = (
				A264AEA31E805268005C549B /* Base */,
			);
			name = LaunchScreen.storyboard;
			sourceTree = "<group>";
		};
/* End PBXVariantGroup section */

/* Begin XCBuildConfiguration section */
		A264AEA61E805268005C549B /* Debug */ = {
			isa = XCBuildConfiguration;
			buildSettings = {
				ALWAYS_SEARCH_USER_PATHS = NO;
				CLANG_ANALYZER_NONNULL = YES;
				CLANG_CXX_LANGUAGE_STANDARD = "gnu++0x";
				CLANG_CXX_LIBRARY = "libc++";
				CLANG_ENABLE_MODULES = YES;
				CLANG_ENABLE_OBJC_ARC = YES;
				CLANG_WARN_BOOL_CONVERSION = YES;
				CLANG_WARN_CONSTANT_CONVERSION = YES;
				CLANG_WARN_DIRECT_OBJC_ISA_USAGE = YES_ERROR;
				CLANG_WARN_DOCUMENTATION_COMMENTS = YES;
				CLANG_WARN_EMPTY_BODY = YES;
				CLANG_WARN_ENUM_CONVERSION = YES;
				CLANG_WARN_INFINITE_RECURSION = YES;
				CLANG_WARN_INT_CONVERSION = YES;
				CLANG_WARN_OBJC_ROOT_CLASS = YES_ERROR;
				CLANG_WARN_SUSPICIOUS_MOVE = YES;
				CLANG_WARN_UNREACHABLE_CODE = YES;
				CLANG_WARN__DUPLICATE_METHOD_MATCH = YES;
				"CODE_SIGN_IDENTITY[sdk=iphoneos*]" = "iPhone Developer";
				COPY_PHASE_STRIP = NO;
				DEBUG_INFORMATION_FORMAT = dwarf;
				ENABLE_STRICT_OBJC_MSGSEND = YES;
				ENABLE_TESTABILITY = YES;
				GCC_C_LANGUAGE_STANDARD = gnu99;
				GCC_DYNAMIC_NO_PIC = NO;
				GCC_NO_COMMON_BLOCKS = YES;
				GCC_OPTIMIZATION_LEVEL = 0;
				GCC_PREPROCESSOR_DEFINITIONS = (
					"DEBUG=1",
					"$(inherited)",
				);
				GCC_WARN_64_TO_32_BIT_CONVERSION = YES;
				GCC_WARN_ABOUT_RETURN_TYPE = YES_ERROR;
				GCC_WARN_UNDECLARED_SELECTOR = YES;
				GCC_WARN_UNINITIALIZED_AUTOS = YES_AGGRESSIVE;
				GCC_WARN_UNUSED_FUNCTION = YES;
				GCC_WARN_UNUSED_VARIABLE = YES;
				IPHONEOS_DEPLOYMENT_TARGET = 10.2;
				MTL_ENABLE_DEBUG_INFO = YES;
				ONLY_ACTIVE_ARCH = YES;
				SDKROOT = iphoneos;
				SWIFT_ACTIVE_COMPILATION_CONDITIONS = DEBUG;
				SWIFT_OPTIMIZATION_LEVEL = "-Onone";
				TARGETED_DEVICE_FAMILY = "1,2";
			};
			name = Debug;
		};
		A264AEA71E805268005C549B /* Release */ = {
			isa = XCBuildConfiguration;
			buildSettings = {
				ALWAYS_SEARCH_USER_PATHS = NO;
				CLANG_ANALYZER_NONNULL = YES;
				CLANG_CXX_LANGUAGE_STANDARD = "gnu++0x";
				CLANG_CXX_LIBRARY = "libc++";
				CLANG_ENABLE_MODULES = YES;
				CLANG_ENABLE_OBJC_ARC = YES;
				CLANG_WARN_BOOL_CONVERSION = YES;
				CLANG_WARN_CONSTANT_CONVERSION = YES;
				CLANG_WARN_DIRECT_OBJC_ISA_USAGE = YES_ERROR;
				CLANG_WARN_DOCUMENTATION_COMMENTS = YES;
				CLANG_WARN_EMPTY_BODY = YES;
				CLANG_WARN_ENUM_CONVERSION = YES;
				CLANG_WARN_INFINITE_RECURSION = YES;
				CLANG_WARN_INT_CONVERSION = YES;
				CLANG_WARN_OBJC_ROOT_CLASS = YES_ERROR;
				CLANG_WARN_SUSPICIOUS_MOVE = YES;
				CLANG_WARN_UNREACHABLE_CODE = YES;
				CLANG_WARN__DUPLICATE_METHOD_MATCH = YES;
				"CODE_SIGN_IDENTITY[sdk=iphoneos*]" = "iPhone Developer";
				COPY_PHASE_STRIP = NO;
				DEBUG_INFORMATION_FORMAT = "dwarf-with-dsym";
				ENABLE_NS_ASSERTIONS = NO;
				ENABLE_STRICT_OBJC_MSGSEND = YES;
				GCC_C_LANGUAGE_STANDARD = gnu99;
				GCC_NO_COMMON_BLOCKS = YES;
				GCC_WARN_64_TO_32_BIT_CONVERSION = YES;
				GCC_WARN_ABOUT_RETURN_TYPE = YES_ERROR;
				GCC_WARN_UNDECLARED_SELECTOR = YES;
				GCC_WARN_UNINITIALIZED_AUTOS = YES_AGGRESSIVE;
				GCC_WARN_UNUSED_FUNCTION = YES;
				GCC_WARN_UNUSED_VARIABLE = YES;
				IPHONEOS_DEPLOYMENT_TARGET = 10.2;
				MTL_ENABLE_DEBUG_INFO = NO;
				SDKROOT = iphoneos;
				SWIFT_OPTIMIZATION_LEVEL = "-Owholemodule";
				TARGETED_DEVICE_FAMILY = "1,2";
				VALIDATE_PRODUCT = YES;
			};
			name = Release;
		};
		A264AEA91E805268005C549B /* Debug */ = {
			isa = XCBuildConfiguration;
			baseConfigurationReference = 75D175E12387CDB6983BEEF9 /* Pods-semproject.debug.xcconfig */;
			buildSettings = {
				ASSETCATALOG_COMPILER_APPICON_NAME = AppIcon;
				CODE_SIGN_ENTITLEMENTS = semproject/semproject.entitlements;
				DEVELOPMENT_TEAM = H44Q9YW2Z5;
				INFOPLIST_FILE = semproject/Info.plist;
				LD_RUNPATH_SEARCH_PATHS = "$(inherited) @executable_path/Frameworks";
				PRODUCT_BUNDLE_IDENTIFIER = nl.mprog.semproject;
				PRODUCT_NAME = "$(TARGET_NAME)";
				SWIFT_VERSION = 3.0;
			};
			name = Debug;
		};
		A264AEAA1E805268005C549B /* Release */ = {
			isa = XCBuildConfiguration;
			baseConfigurationReference = 537812E609797A4B1E57CF79 /* Pods-semproject.release.xcconfig */;
			buildSettings = {
				ASSETCATALOG_COMPILER_APPICON_NAME = AppIcon;
				CODE_SIGN_ENTITLEMENTS = semproject/semproject.entitlements;
				DEVELOPMENT_TEAM = H44Q9YW2Z5;
				INFOPLIST_FILE = semproject/Info.plist;
				LD_RUNPATH_SEARCH_PATHS = "$(inherited) @executable_path/Frameworks";
				PRODUCT_BUNDLE_IDENTIFIER = nl.mprog.semproject;
				PRODUCT_NAME = "$(TARGET_NAME)";
				SWIFT_VERSION = 3.0;
			};
			name = Release;
		};
/* End XCBuildConfiguration section */

/* Begin XCConfigurationList section */
		A264AE911E805268005C549B /* Build configuration list for PBXProject "semproject" */ = {
			isa = XCConfigurationList;
			buildConfigurations = (
				A264AEA61E805268005C549B /* Debug */,
				A264AEA71E805268005C549B /* Release */,
			);
			defaultConfigurationIsVisible = 0;
			defaultConfigurationName = Release;
		};
		A264AEA81E805268005C549B /* Build configuration list for PBXNativeTarget "semproject" */ = {
			isa = XCConfigurationList;
			buildConfigurations = (
				A264AEA91E805268005C549B /* Debug */,
				A264AEAA1E805268005C549B /* Release */,
			);
			defaultConfigurationIsVisible = 0;
			defaultConfigurationName = Release;
		};
/* End XCConfigurationList section */
	};
	rootObject = A264AE8E1E805268005C549B /* Project object */;
}
